
Microsoft Visual Studio Solution File, Format Version 11.00
# Visual Studio 2010
Project("{FAE04EC0-301F-11D3-BF4B-00C04F79EFBC}") = "HISDemo", "HIS-Demo\HISDemo.csproj", "{36694C2B-AC8F-4C23-B451-5622311ECBDF}"
EndProject
Global
	GlobalSection(SolutionConfigurationPlatforms) = preSolution
		Debug|Any CPU = Debug|Any CPU
		Release|Any CPU = Release|Any CPU
	EndGlobalSection
	GlobalSection(ProjectConfigurationPlatforms) = postSolution
		{36694C2B-AC8F-4C23-B451-5622311ECBDF}.Debug|Any CPU.ActiveCfg = Debug|Any CPU
		{36694C2B-AC8F-4C23-B451-5622311ECBDF}.Debug|Any CPU.Build.0 = Debug|Any CPU
		{36694C2B-AC8F-4C23-B451-5622311ECBDF}.Release|Any CPU.ActiveCfg = Release|Any CPU
		{36694C2B-AC8F-4C23-B451-5622311ECBDF}.Release|Any CPU.Build.0 = Release|Any CPU
	EndGlobalSection
	GlobalSection(SolutionProperties) = preSolution
		HideSolutionNode = FALSE
	EndGlobalSection
EndGlobal
